
Microsoft Visual Studio Solution File, Format Version 12.00
# Visual Studio Version 17
VisualStudioVersion = 17.1.32228.430
MinimumVisualStudioVersion = 10.0.40219.1
Project("{FAE04EC0-301F-11D3-BF4B-00C04F79EFBC}") = "PBL3TrungTamDayThem", "PBL3TrungTamDayThem\PBL3TrungTamDayThem.csproj", "{2B890213-D921-4BB6-875F-E6FE83EF12C2}"
EndProject
Global
	GlobalSection(SolutionConfigurationPlatforms) = preSolution
		Debug|Any CPU = Debug|Any CPU
		Release|Any CPU = Release|Any CPU
	EndGlobalSection
	GlobalSection(ProjectConfigurationPlatforms) = postSolution
		{2B890213-D921-4BB6-875F-E6FE83EF12C2}.Debug|Any CPU.ActiveCfg = Debug|Any CPU
		{2B890213-D921-4BB6-875F-E6FE83EF12C2}.Debug|Any CPU.Build.0 = Debug|Any CPU
		{2B890213-D921-4BB6-875F-E6FE83EF12C2}.Release|Any CPU.ActiveCfg = Release|Any CPU
		{2B890213-D921-4BB6-875F-E6FE83EF12C2}.Release|Any CPU.Build.0 = Release|Any CPU
	EndGlobalSection
	GlobalSection(SolutionProperties) = preSolution
		HideSolutionNode = FALSE
	EndGlobalSection
	GlobalSection(ExtensibilityGlobals) = postSolution
		SolutionGuid = {AA6F671B-9165-4506-895B-3103B8D19C7D}
	EndGlobalSection
EndGlobal
